<?xml version="1.0" encoding="utf-8"?>
<Project ToolsVersion="4.0" xmlns="http://schemas.microsoft.com/developer/msbuild/2003">
  <ItemGroup>
    <Filter Include="Source Files">
      <UniqueIdentifier>{4FC737F1-C7A5-4376-A066-2A32D752A2FF}</UniqueIdentifier>
      <Extensions>cpp;c;cc;cxx;c++;cppm;ixx;def;odl;idl;hpj;bat;asm;asmx</Extensions>
    </Filter>
    <Filter Include="Header Files">
      <UniqueIdentifier>{93995380-89BD-4b04-88EB-625FBE52EBFB}</UniqueIdentifier>
      <Extensions>h;hh;hpp;hxx;h++;hm;inl;inc;ipp;xsd</Extensions>
    </Filter>
    <Filter Include="Resource Files">
      <UniqueIdentifier>{67DA6AB6-F800-4c08-8B7A-83BB121AAD01}</UniqueIdentifier>
      <Extensions>rc;ico;cur;bmp;dlg;rc2;rct;bin;rgs;gif;jpg;jpeg;jpe;resx;tiff;tif;png;wav;mfcribbon-ms</Extensions>
    </Filter>
  </ItemGroup>
  <ItemGroup>
    <ClCompile Include="Main.cpp">
      <Filter>Source Files</Filter>
    </ClCompile>
    <ClCompile Include="MovieStorm.cpp">
      <Filter>Source Files</Filter>
    </ClCompile>
    <ClCompile Include="Widget.cpp">
      <Filter>Source Files</Filter>
    </ClCompile>
    <ClCompile Include="PlaceableTrait.cpp">
      <Filter>Source Files</Filter>
    </ClCompile>
    <ClCompile Include="RenderableTrait.cpp">
      <Filter>Source Files</Filter>
    </ClCompile>
    <ClCompile Include="ReadableTrait.cpp">
      <Filter>Source Files</Filter>
    </ClCompile>
    <ClCompile Include="TextField.cpp">
      <Filter>Source Files</Filter>
    </ClCompile>
    <ClCompile Include="Database.cpp">
      <Filter>Source Files</Filter>
    </ClCompile>
    <ClCompile Include="Film.cpp">
      <Filter>Source Files</Filter>
    </ClCompile>
    <ClCompile Include="Environment.cpp">
      <Filter>Source Files</Filter>
    </ClCompile>
    <ClCompile Include="WindowManager.cpp">
      <Filter>Source Files</Filter>
    </ClCompile>
    <ClCompile Include="SizableTrait.cpp">
      <Filter>Source Files</Filter>
    </ClCompile>
    <ClCompile Include="ImageWidget.cpp">
      <Filter>Source Files</Filter>
    </ClCompile>
    <ClCompile Include="TraitBuilder.cpp">
      <Filter>Source Files</Filter>
    </ClCompile>
    <ClCompile Include="ClickableTrait.cpp">
      <Filter>Source Files</Filter>
    </ClCompile>
    <ClCompile Include="ImageButtonWidget.cpp">
      <Filter>Source Files</Filter>
    </ClCompile>
    <ClCompile Include="TitleFilter.cpp">
      <Filter>Source Files</Filter>
    </ClCompile>
    <ClCompile Include="YearFilter.cpp">
      <Filter>Source Files</Filter>
    </ClCompile>
    <ClCompile Include="DirectorFilter.cpp">
      <Filter>Source Files</Filter>
    </ClCompile>
    <ClCompile Include="CastFilter.cpp">
      <Filter>Source Files</Filter>
    </ClCompile>
    <ClCompile Include="GenreFilter.cpp">
      <Filter>Source Files</Filter>
    </ClCompile>
    <ClCompile Include="FilmWidget.cpp">
      <Filter>Source Files</Filter>
    </ClCompile>
    <ClCompile Include="FilmTextWidget.cpp">
      <Filter>Source Files</Filter>
    </ClCompile>
    <ClCompile Include="ToggleButton.cpp">
      <Filter>Source Files</Filter>
    </ClCompile>
    <ClCompile Include="EditText.cpp">
      <Filter>Source Files</Filter>
    </ClCompile>
  </ItemGroup>
  <ItemGroup>
    <ClInclude Include="MovieStorm.h">
      <Filter>Header Files</Filter>
    </ClInclude>
    <ClInclude Include="Config.h">
      <Filter>Header Files</Filter>
    </ClInclude>
    <ClInclude Include="Widget.h">
      <Filter>Header Files</Filter>
    </ClInclude>
    <ClInclude Include="Trait.h">
      <Filter>Header Files</Filter>
    </ClInclude>
    <ClInclude Include="PlaceableTrait.h">
      <Filter>Header Files</Filter>
    </ClInclude>
    <ClInclude Include="RenderableTrait.h">
      <Filter>Header Files</Filter>
    </ClInclude>
    <ClInclude Include="ReadableTrait.h">
      <Filter>Header Files</Filter>
    </ClInclude>
    <ClInclude Include="TextField.h">
      <Filter>Header Files</Filter>
    </ClInclude>
    <ClInclude Include="Database.h">
      <Filter>Header Files</Filter>
    </ClInclude>
    <ClInclude Include="Film.h">
      <Filter>Header Files</Filter>
    </ClInclude>
    <ClInclude Include="WindowManager.h">
      <Filter>Header Files</Filter>
    </ClInclude>
    <ClInclude Include="Environment.h">
      <Filter>Header Files</Filter>
    </ClInclude>
    <ClInclude Include="Point.h">
      <Filter>Header Files</Filter>
    </ClInclude>
    <ClInclude Include="SizableTrait.h">
      <Filter>Header Files</Filter>
    </ClInclude>
    <ClInclude Include="ImageWidget.h">
      <Filter>Header Files</Filter>
    </ClInclude>
    <ClInclude Include="TraitBuilder.h">
      <Filter>Header Files</Filter>
    </ClInclude>
    <ClInclude Include="ClickableTrait.h">
      <Filter>Header Files</Filter>
    </ClInclude>
    <ClInclude Include="ImageButtonWidget.h">
      <Filter>Header Files</Filter>
    </ClInclude>
    <ClInclude Include="Filter.h">
      <Filter>Header Files</Filter>
    </ClInclude>
    <ClInclude Include="TitleFilter.h">
      <Filter>Header Files</Filter>
    </ClInclude>
    <ClInclude Include="YearFilter.h">
      <Filter>Header Files</Filter>
    </ClInclude>
    <ClInclude Include="DirectorFilter.h">
      <Filter>Header Files</Filter>
    </ClInclude>
    <ClInclude Include="CastFilter.h">
      <Filter>Header Files</Filter>
    </ClInclude>
    <ClInclude Include="GenreFilter.h">
      <Filter>Header Files</Filter>
    </ClInclude>
    <ClInclude Include="FilmWidget.h">
      <Filter>Header Files</Filter>
    </ClInclude>
    <ClInclude Include="FilmTextWidget.h">
      <Filter>Header Files</Filter>
    </ClInclude>
    <ClInclude Include="ToggleButton.h">
      <Filter>Header Files</Filter>
    </ClInclude>
    <ClInclude Include="EditText.h">
      <Filter>Header Files</Filter>
    </ClInclude>
  </ItemGroup>
</Project>